
Microsoft Visual Studio Solution File, Format Version 12.00
# Visual Studio Version 17
VisualStudioVersion = 17.2.32505.173
MinimumVisualStudioVersion = 10.0.40219.1
Project("{8BC9CEB8-8B4A-11D0-8D11-00A0C91BC942}") = "ByteTool", "ByteTool\ByteTool.vcxproj", "{B79F28AB-9FAE-408E-A401-A8641723E139}"
EndProject
Global
	GlobalSection(SolutionConfigurationPlatforms) = preSolution
		Debug|x64 = Debug|x64
		Debug|x86 = Debug|x86
		Release|x64 = Release|x64
		Release|x86 = Release|x86
	EndGlobalSection
	GlobalSection(ProjectConfigurationPlatforms) = postSolution
		{B79F28AB-9FAE-408E-A401-A8641723E139}.Debug|x64.ActiveCfg = Debug|x64
		{B79F28AB-9FAE-408E-A401-A8641723E139}.Debug|x64.Build.0 = Debug|x64
		{B79F28AB-9FAE-408E-A401-A8641723E139}.Debug|x86.ActiveCfg = Debug|Win32
		{B79F28AB-9FAE-408E-A401-A8641723E139}.Debug|x86.Build.0 = Debug|Win32
		{B79F28AB-9FAE-408E-A401-A8641723E139}.Release|x64.ActiveCfg = Release|x64
		{B79F28AB-9FAE-408E-A401-A8641723E139}.Release|x64.Build.0 = Release|x64
		{B79F28AB-9FAE-408E-A401-A8641723E139}.Release|x86.ActiveCfg = Release|Win32
		{B79F28AB-9FAE-408E-A401-A8641723E139}.Release|x86.Build.0 = Release|Win32
	EndGlobalSection
	GlobalSection(SolutionProperties) = preSolution
		HideSolutionNode = FALSE
	EndGlobalSection
	GlobalSection(ExtensibilityGlobals) = postSolution
		SolutionGuid = {B6891FA5-2E53-4CD3-86ED-E92A208B5D1B}
	EndGlobalSection
EndGlobal
